// !$*UTF8*$!
{
	archiveVersion = 1;
	classes = {
	};
	objectVersion = 46;
	objects = {

/* Begin PBXBuildFile section */
		CCAD2FF61C7EE01300435A2A /* main.m in Sources */ = {isa = PBXBuildFile; fileRef = CCAD2FF51C7EE01300435A2A /* main.m */; };
		CCAD2FF91C7EE01300435A2A /* AppDelegate.m in Sources */ = {isa = PBXBuildFile; fileRef = CCAD2FF81C7EE01300435A2A /* AppDelegate.m */; };
		CCAD2FFC1C7EE01300435A2A /* ViewController.m in Sources */ = {isa = PBXBuildFile; fileRef = CCAD2FFB1C7EE01300435A2A /* ViewController.m */; };
		CCAD2FFF1C7EE01300435A2A /* Main.storyboard in Resources */ = {isa = PBXBuildFile; fileRef = CCAD2FFD1C7EE01300435A2A /* Main.storyboard */; };
		CCAD30011C7EE01300435A2A /* Assets.xcassets in Resources */ = {isa = PBXBuildFile; fileRef = CCAD30001C7EE01300435A2A /* Assets.xcassets */; };
		CCAD30041C7EE01300435A2A /* LaunchScreen.storyboard in Resources */ = {isa = PBXBuildFile; fileRef = CCAD30021C7EE01300435A2A /* LaunchScreen.storyboard */; };
		CCAD300F1C7EE01300435A2A /* ______Tests.m in Sources */ = {isa = PBXBuildFile; fileRef = CCAD300E1C7EE01300435A2A /* ______Tests.m */; };
		CCAD301A1C7EE01300435A2A /* ______UITests.m in Sources */ = {isa = PBXBuildFile; fileRef = CCAD30191C7EE01300435A2A /* ______UITests.m */; };
		CCAD30941C7EE90400435A2A /* Info.plist in Resources */ = {isa = PBXBuildFile; fileRef = CCAD307A1C7EE90400435A2A /* Info.plist */; };
		CCAD30951C7EE90400435A2A /* MASCompositeConstraint.m in Sources */ = {isa = PBXBuildFile; fileRef = CCAD307C1C7EE90400435A2A /* MASCompositeConstraint.m */; };
		CCAD30961C7EE90400435A2A /* MASConstraint.m in Sources */ = {isa = PBXBuildFile; fileRef = CCAD307F1C7EE90400435A2A /* MASConstraint.m */; };
		CCAD30971C7EE90400435A2A /* MASConstraintMaker.m in Sources */ = {isa = PBXBuildFile; fileRef = CCAD30811C7EE90400435A2A /* MASConstraintMaker.m */; };
		CCAD30981C7EE90400435A2A /* MASLayoutConstraint.m in Sources */ = {isa = PBXBuildFile; fileRef = CCAD30831C7EE90400435A2A /* MASLayoutConstraint.m */; };
		CCAD30991C7EE90400435A2A /* MASViewAttribute.m in Sources */ = {isa = PBXBuildFile; fileRef = CCAD30871C7EE90400435A2A /* MASViewAttribute.m */; };
		CCAD309A1C7EE90400435A2A /* MASViewConstraint.m in Sources */ = {isa = PBXBuildFile; fileRef = CCAD30891C7EE90400435A2A /* MASViewConstraint.m */; };
		CCAD309B1C7EE90400435A2A /* NSArray+MASAdditions.m in Sources */ = {isa = PBXBuildFile; fileRef = CCAD308B1C7EE90400435A2A /* NSArray+MASAdditions.m */; };
		CCAD309C1C7EE90400435A2A /* NSLayoutConstraint+MASDebugAdditions.m in Sources */ = {isa = PBXBuildFile; fileRef = CCAD308E1C7EE90400435A2A /* NSLayoutConstraint+MASDebugAdditions.m */; };
		CCAD309D1C7EE90400435A2A /* View+MASAdditions.m in Sources */ = {isa = PBXBuildFile; fileRef = CCAD30901C7EE90400435A2A /* View+MASAdditions.m */; };
		CCAD309E1C7EE90400435A2A /* ViewController+MASAdditions.m in Sources */ = {isa = PBXBuildFile; fileRef = CCAD30931C7EE90400435A2A /* ViewController+MASAdditions.m */; };
		CCAD30A31C7F2C4600435A2A /* 1_1.jpg in Resources */ = {isa = PBXBuildFile; fileRef = CCAD309F1C7F2C4600435A2A /* 1_1.jpg */; };
		CCAD30A41C7F2C4600435A2A /* 1_2.jpg in Resources */ = {isa = PBXBuildFile; fileRef = CCAD30A01C7F2C4600435A2A /* 1_2.jpg */; };
		CCAD30A51C7F2C4600435A2A /* 1_3.jpg in Resources */ = {isa = PBXBuildFile; fileRef = CCAD30A11C7F2C4600435A2A /* 1_3.jpg */; };
		CCAD30A61C7F2C4600435A2A /* 1_4.jpg in Resources */ = {isa = PBXBuildFile; fileRef = CCAD30A21C7F2C4600435A2A /* 1_4.jpg */; };
/* End PBXBuildFile section */

/* Begin PBXContainerItemProxy section */
		CCAD300B1C7EE01300435A2A /* PBXContainerItemProxy */ = {
			isa = PBXContainerItemProxy;
			containerPortal = CCAD2FE91C7EE01300435A2A /* Project object */;
			proxyType = 1;
			remoteGlobalIDString = CCAD2FF01C7EE01300435A2A;
			remoteInfo = "顶部滑动菜单";
		};
		CCAD30161C7EE01300435A2A /* PBXContainerItemProxy */ = {
			isa = PBXContainerItemProxy;
			containerPortal = CCAD2FE91C7EE01300435A2A /* Project object */;
			proxyType = 1;
			remoteGlobalIDString = CCAD2FF01C7EE01300435A2A;
			remoteInfo = "顶部滑动菜单";
		};
/* End PBXContainerItemProxy section */

/* Begin PBXFileReference section */
		CCAD2FF11C7EE01300435A2A /* 顶部滑动菜单.app */ = {isa = PBXFileReference; explicitFileType = wrapper.application; includeInIndex = 0; path = "顶部滑动菜单.app"; sourceTree = BUILT_PRODUCTS_DIR; };
		CCAD2FF51C7EE01300435A2A /* main.m */ = {isa = PBXFileReference; lastKnownFileType = sourcecode.c.objc; path = main.m; sourceTree = "<group>"; };
		CCAD2FF71C7EE01300435A2A /* AppDelegate.h */ = {isa = PBXFileReference; lastKnownFileType = sourcecode.c.h; path = AppDelegate.h; sourceTree = "<group>"; };
		CCAD2FF81C7EE01300435A2A /* AppDelegate.m */ = {isa = PBXFileReference; lastKnownFileType = sourcecode.c.objc; path = AppDelegate.m; sourceTree = "<group>"; };
		CCAD2FFA1C7EE01300435A2A /* ViewController.h */ = {isa = PBXFileReference; lastKnownFileType = sourcecode.c.h; path = ViewController.h; sourceTree = "<group>"; };
		CCAD2FFB1C7EE01300435A2A /* ViewController.m */ = {isa = PBXFileReference; lastKnownFileType = sourcecode.c.objc; path = ViewController.m; sourceTree = "<group>"; };
		CCAD2FFE1C7EE01300435A2A /* Base */ = {isa = PBXFileReference; lastKnownFileType = file.storyboard; name = Base; path = Base.lproj/Main.storyboard; sourceTree = "<group>"; };
		CCAD30001C7EE01300435A2A /* Assets.xcassets */ = {isa = PBXFileReference; lastKnownFileType = folder.assetcatalog; path = Assets.xcassets; sourceTree = "<group>"; };
		CCAD30031C7EE01300435A2A /* Base */ = {isa = PBXFileReference; lastKnownFileType = file.storyboard; name = Base; path = Base.lproj/LaunchScreen.storyboard; sourceTree = "<group>"; };
		CCAD30051C7EE01300435A2A /* Info.plist */ = {isa = PBXFileReference; lastKnownFileType = text.plist.xml; path = Info.plist; sourceTree = "<group>"; };
		CCAD300A1C7EE01300435A2A /* 顶部滑动菜单Tests.xctest */ = {isa = PBXFileReference; explicitFileType = wrapper.cfbundle; includeInIndex = 0; path = "顶部滑动菜单Tests.xctest"; sourceTree = BUILT_PRODUCTS_DIR; };
		CCAD300E1C7EE01300435A2A /* ______Tests.m */ = {isa = PBXFileReference; lastKnownFileType = sourcecode.c.objc; path = "______Tests.m"; sourceTree = "<group>"; };
		CCAD30101C7EE01300435A2A /* Info.plist */ = {isa = PBXFileReference; lastKnownFileType = text.plist.xml; path = Info.plist; sourceTree = "<group>"; };
		CCAD30151C7EE01300435A2A /* 顶部滑动菜单UITests.xctest */ = {isa = PBXFileReference; explicitFileType = wrapper.cfbundle; includeInIndex = 0; path = "顶部滑动菜单UITests.xctest"; sourceTree = BUILT_PRODUCTS_DIR; };
		CCAD30191C7EE01300435A2A /* ______UITests.m */ = {isa = PBXFileReference; lastKnownFileType = sourcecode.c.objc; path = "______UITests.m"; sourceTree = "<group>"; };
		CCAD301B1C7EE01300435A2A /* Info.plist */ = {isa = PBXFileReference; lastKnownFileType = text.plist.xml; path = Info.plist; sourceTree = "<group>"; };
		CCAD307A1C7EE90400435A2A /* Info.plist */ = {isa = PBXFileReference; fileEncoding = 4; lastKnownFileType = text.plist.xml; path = Info.plist; sourceTree = "<group>"; };
		CCAD307B1C7EE90400435A2A /* MASCompositeConstraint.h */ = {isa = PBXFileReference; fileEncoding = 4; lastKnownFileType = sourcecode.c.h; path = MASCompositeConstraint.h; sourceTree = "<group>"; };
		CCAD307C1C7EE90400435A2A /* MASCompositeConstraint.m */ = {isa = PBXFileReference; fileEncoding = 4; lastKnownFileType = sourcecode.c.objc; path = MASCompositeConstraint.m; sourceTree = "<group>"; };
		CCAD307D1C7EE90400435A2A /* MASConstraint+Private.h */ = {isa = PBXFileReference; fileEncoding = 4; lastKnownFileType = sourcecode.c.h; path = "MASConstraint+Private.h"; sourceTree = "<group>"; };
		CCAD307E1C7EE90400435A2A /* MASConstraint.h */ = {isa = PBXFileReference; fileEncoding = 4; lastKnownFileType = sourcecode.c.h; path = MASConstraint.h; sourceTree = "<group>"; };
		CCAD307F1C7EE90400435A2A /* MASConstraint.m */ = {isa = PBXFileReference; fileEncoding = 4; lastKnownFileType = sourcecode.c.objc; path = MASConstraint.m; sourceTree = "<group>"; };
		CCAD30801C7EE90400435A2A /* MASConstraintMaker.h */ = {isa = PBXFileReference; fileEncoding = 4; lastKnownFileType = sourcecode.c.h; path = MASConstraintMaker.h; sourceTree = "<group>"; };
		CCAD30811C7EE90400435A2A /* MASConstraintMaker.m */ = {isa = PBXFileReference; fileEncoding = 4; lastKnownFileType = sourcecode.c.objc; path = MASConstraintMaker.m; sourceTree = "<group>"; };
		CCAD30821C7EE90400435A2A /* MASLayoutConstraint.h */ = {isa = PBXFileReference; fileEncoding = 4; lastKnownFileType = sourcecode.c.h; path = MASLayoutConstraint.h; sourceTree = "<group>"; };
		CCAD30831C7EE90400435A2A /* MASLayoutConstraint.m */ = {isa = PBXFileReference; fileEncoding = 4; lastKnownFileType = sourcecode.c.objc; path = MASLayoutConstraint.m; sourceTree = "<group>"; };
		CCAD30841C7EE90400435A2A /* Masonry.h */ = {isa = PBXFileReference; fileEncoding = 4; lastKnownFileType = sourcecode.c.h; path = Masonry.h; sourceTree = "<group>"; };
		CCAD30851C7EE90400435A2A /* MASUtilities.h */ = {isa = PBXFileReference; fileEncoding = 4; lastKnownFileType = sourcecode.c.h; path = MASUtilities.h; sourceTree = "<group>"; };
		CCAD30861C7EE90400435A2A /* MASViewAttribute.h */ = {isa = PBXFileReference; fileEncoding = 4; lastKnownFileType = sourcecode.c.h; path = MASViewAttribute.h; sourceTree = "<group>"; };
		CCAD30871C7EE90400435A2A /* MASViewAttribute.m */ = {isa = PBXFileReference; fileEncoding = 4; lastKnownFileType = sourcecode.c.objc; path = MASViewAttribute.m; sourceTree = "<group>"; };
		CCAD30881C7EE90400435A2A /* MASViewConstraint.h */ = {isa = PBXFileReference; fileEncoding = 4; lastKnownFileType = sourcecode.c.h; path = MASViewConstraint.h; sourceTree = "<group>"; };
		CCAD30891C7EE90400435A2A /* MASViewConstraint.m */ = {isa = PBXFileReference; fileEncoding = 4; lastKnownFileType = sourcecode.c.objc; path = MASViewConstraint.m; sourceTree = "<group>"; };
		CCAD308A1C7EE90400435A2A /* NSArray+MASAdditions.h */ = {isa = PBXFileReference; fileEncoding = 4; lastKnownFileType = sourcecode.c.h; path = "NSArray+MASAdditions.h"; sourceTree = "<group>"; };
		CCAD308B1C7EE90400435A2A /* NSArray+MASAdditions.m */ = {isa = PBXFileReference; fileEncoding = 4; lastKnownFileType = sourcecode.c.objc; path = "NSArray+MASAdditions.m"; sourceTree = "<group>"; };
		CCAD308C1C7EE90400435A2A /* NSArray+MASShorthandAdditions.h */ = {isa = PBXFileReference; fileEncoding = 4; lastKnownFileType = sourcecode.c.h; path = "NSArray+MASShorthandAdditions.h"; sourceTree = "<group>"; };
		CCAD308D1C7EE90400435A2A /* NSLayoutConstraint+MASDebugAdditions.h */ = {isa = PBXFileReference; fileEncoding = 4; lastKnownFileType = sourcecode.c.h; path = "NSLayoutConstraint+MASDebugAdditions.h"; sourceTree = "<group>"; };
		CCAD308E1C7EE90400435A2A /* NSLayoutConstraint+MASDebugAdditions.m */ = {isa = PBXFileReference; fileEncoding = 4; lastKnownFileType = sourcecode.c.objc; path = "NSLayoutConstraint+MASDebugAdditions.m"; sourceTree = "<group>"; };
		CCAD308F1C7EE90400435A2A /* View+MASAdditions.h */ = {isa = PBXFileReference; fileEncoding = 4; lastKnownFileType = sourcecode.c.h; path = "View+MASAdditions.h"; sourceTree = "<group>"; };
		CCAD30901C7EE90400435A2A /* View+MASAdditions.m */ = {isa = PBXFileReference; fileEncoding = 4; lastKnownFileType = sourcecode.c.objc; path = "View+MASAdditions.m"; sourceTree = "<group>"; };
		CCAD30911C7EE90400435A2A /* View+MASShorthandAdditions.h */ = {isa = PBXFileReference; fileEncoding = 4; lastKnownFileType = sourcecode.c.h; path = "View+MASShorthandAdditions.h"; sourceTree = "<group>"; };
		CCAD30921C7EE90400435A2A /* ViewController+MASAdditions.h */ = {isa = PBXFileReference; fileEncoding = 4; lastKnownFileType = sourcecode.c.h; path = "ViewController+MASAdditions.h"; sourceTree = "<group>"; };
		CCAD30931C7EE90400435A2A /* ViewController+MASAdditions.m */ = {isa = PBXFileReference; fileEncoding = 4; lastKnownFileType = sourcecode.c.objc; path = "ViewController+MASAdditions.m"; sourceTree = "<group>"; };
		CCAD309F1C7F2C4600435A2A /* 1_1.jpg */ = {isa = PBXFileReference; lastKnownFileType = image.jpeg; path = 1_1.jpg; sourceTree = "<group>"; };
		CCAD30A01C7F2C4600435A2A /* 1_2.jpg */ = {isa = PBXFileReference; lastKnownFileType = image.jpeg; path = 1_2.jpg; sourceTree = "<group>"; };
		CCAD30A11C7F2C4600435A2A /* 1_3.jpg */ = {isa = PBXFileReference; lastKnownFileType = image.jpeg; path = 1_3.jpg; sourceTree = "<group>"; };
		CCAD30A21C7F2C4600435A2A /* 1_4.jpg */ = {isa = PBXFileReference; lastKnownFileType = image.jpeg; path = 1_4.jpg; sourceTree = "<group>"; };
/* End PBXFileReference section */

/* Begin PBXFrameworksBuildPhase section */
		CCAD2FEE1C7EE01300435A2A /* Frameworks */ = {
			isa = PBXFrameworksBuildPhase;
			buildActionMask = 2147483647;
			files = (
			);
			runOnlyForDeploymentPostprocessing = 0;
		};
		CCAD30071C7EE01300435A2A /* Frameworks */ = {
			isa = PBXFrameworksBuildPhase;
			buildActionMask = 2147483647;
			files = (
			);
			runOnlyForDeploymentPostprocessing = 0;
		};
		CCAD30121C7EE01300435A2A /* Frameworks */ = {
			isa = PBXFrameworksBuildPhase;
			buildActionMask = 2147483647;
			files = (
			);
			runOnlyForDeploymentPostprocessing = 0;
		};
/* End PBXFrameworksBuildPhase section */

/* Begin PBXGroup section */
		CCAD2FE81C7EE01300435A2A = {
			isa = PBXGroup;
			children = (
				CCAD2FF31C7EE01300435A2A /* 顶部滑动菜单 */,
				CCAD30181C7EE01300435A2A /* 顶部滑动菜单UITests */,
				CCAD2FF21C7EE01300435A2A /* Products */,
			);
			sourceTree = "<group>";
		};
		CCAD2FF21C7EE01300435A2A /* Products */ = {
			isa = PBXGroup;
			children = (
				CCAD2FF11C7EE01300435A2A /* 顶部滑动菜单.app */,
				CCAD300A1C7EE01300435A2A /* 顶部滑动菜单Tests.xctest */,
				CCAD30151C7EE01300435A2A /* 顶部滑动菜单UITests.xctest */,
			);
			name = Products;
			sourceTree = "<group>";
		};
		CCAD2FF31C7EE01300435A2A /* 顶部滑动菜单 */ = {
			isa = PBXGroup;
			children = (
				CCAD30791C7EE90400435A2A /* Masonry */,
				CCAD2FF71C7EE01300435A2A /* AppDelegate.h */,
				CCAD2FF81C7EE01300435A2A /* AppDelegate.m */,
				CCAD2FFA1C7EE01300435A2A /* ViewController.h */,
				CCAD2FFB1C7EE01300435A2A /* ViewController.m */,
				CCAD2FFD1C7EE01300435A2A /* Main.storyboard */,
				CCAD30001C7EE01300435A2A /* Assets.xcassets */,
				CCAD30021C7EE01300435A2A /* LaunchScreen.storyboard */,
				CCAD30051C7EE01300435A2A /* Info.plist */,
				CCAD2FF41C7EE01300435A2A /* Supporting Files */,
			);
			path = "顶部滑动菜单";
			sourceTree = "<group>";
		};
		CCAD2FF41C7EE01300435A2A /* Supporting Files */ = {
			isa = PBXGroup;
			children = (
				CCAD300D1C7EE01300435A2A /* 顶部滑动菜单Tests */,
				CCAD309F1C7F2C4600435A2A /* 1_1.jpg */,
				CCAD30A01C7F2C4600435A2A /* 1_2.jpg */,
				CCAD30A11C7F2C4600435A2A /* 1_3.jpg */,
				CCAD30A21C7F2C4600435A2A /* 1_4.jpg */,
				CCAD2FF51C7EE01300435A2A /* main.m */,
			);
			name = "Supporting Files";
			sourceTree = "<group>";
		};
		CCAD300D1C7EE01300435A2A /* 顶部滑动菜单Tests */ = {
			isa = PBXGroup;
			children = (
				CCAD300E1C7EE01300435A2A /* ______Tests.m */,
				CCAD30101C7EE01300435A2A /* Info.plist */,
			);
			path = "顶部滑动菜单Tests";
			sourceTree = SOURCE_ROOT;
		};
		CCAD30181C7EE01300435A2A /* 顶部滑动菜单UITests */ = {
			isa = PBXGroup;
			children = (
				CCAD30191C7EE01300435A2A /* ______UITests.m */,
				CCAD301B1C7EE01300435A2A /* Info.plist */,
			);
			path = "顶部滑动菜单UITests";
			sourceTree = "<group>";
		};
		CCAD30791C7EE90400435A2A /* Masonry */ = {
			isa = PBXGroup;
			children = (
				CCAD307A1C7EE90400435A2A /* Info.plist */,
				CCAD307B1C7EE90400435A2A /* MASCompositeConstraint.h */,
				CCAD307C1C7EE90400435A2A /* MASCompositeConstraint.m */,
				CCAD307D1C7EE90400435A2A /* MASConstraint+Private.h */,
				CCAD307E1C7EE90400435A2A /* MASConstraint.h */,
				CCAD307F1C7EE90400435A2A /* MASConstraint.m */,
				CCAD30801C7EE90400435A2A /* MASConstraintMaker.h */,
				CCAD30811C7EE90400435A2A /* MASConstraintMaker.m */,
				CCAD30821C7EE90400435A2A /* MASLayoutConstraint.h */,
				CCAD30831C7EE90400435A2A /* MASLayoutConstraint.m */,
				CCAD30841C7EE90400435A2A /* Masonry.h */,
				CCAD30851C7EE90400435A2A /* MASUtilities.h */,
				CCAD30861C7EE90400435A2A /* MASViewAttribute.h */,
				CCAD30871C7EE90400435A2A /* MASViewAttribute.m */,
				CCAD30881C7EE90400435A2A /* MASViewConstraint.h */,
				CCAD30891C7EE90400435A2A /* MASViewConstraint.m */,
				CCAD308A1C7EE90400435A2A /* NSArray+MASAdditions.h */,
				CCAD308B1C7EE90400435A2A /* NSArray+MASAdditions.m */,
				CCAD308C1C7EE90400435A2A /* NSArray+MASShorthandAdditions.h */,
				CCAD308D1C7EE90400435A2A /* NSLayoutConstraint+MASDebugAdditions.h */,
				CCAD308E1C7EE90400435A2A /* NSLayoutConstraint+MASDebugAdditions.m */,
				CCAD308F1C7EE90400435A2A /* View+MASAdditions.h */,
				CCAD30901C7EE90400435A2A /* View+MASAdditions.m */,
				CCAD30911C7EE90400435A2A /* View+MASShorthandAdditions.h */,
				CCAD30921C7EE90400435A2A /* ViewController+MASAdditions.h */,
				CCAD30931C7EE90400435A2A /* ViewController+MASAdditions.m */,
			);
			path = Masonry;
			sourceTree = "<group>";
		};
/* End PBXGroup section */

/* Begin PBXNativeTarget section */
		CCAD2FF01C7EE01300435A2A /* 顶部滑动菜单 */ = {
			isa = PBXNativeTarget;
			buildConfigurationList = CCAD301E1C7EE01300435A2A /* Build configuration list for PBXNativeTarget "顶部滑动菜单" */;
			buildPhases = (
				CCAD2FED1C7EE01300435A2A /* Sources */,
				CCAD2FEE1C7EE01300435A2A /* Frameworks */,
				CCAD2FEF1C7EE01300435A2A /* Resources */,
			);
			buildRules = (
			);
			dependencies = (
			);
			name = "顶部滑动菜单";
			productName = "顶部滑动菜单";
			productReference = CCAD2FF11C7EE01300435A2A /* 顶部滑动菜单.app */;
			productType = "com.apple.product-type.application";
		};
		CCAD30091C7EE01300435A2A /* 顶部滑动菜单Tests */ = {
			isa = PBXNativeTarget;
			buildConfigurationList = CCAD30211C7EE01300435A2A /* Build configuration list for PBXNativeTarget "顶部滑动菜单Tests" */;
			buildPhases = (
				CCAD30061C7EE01300435A2A /* Sources */,
				CCAD30071C7EE01300435A2A /* Frameworks */,
				CCAD30081C7EE01300435A2A /* Resources */,
			);
			buildRules = (
			);
			dependencies = (
				CCAD300C1C7EE01300435A2A /* PBXTargetDependency */,
			);
			name = "顶部滑动菜单Tests";
			productName = "顶部滑动菜单Tests";
			productReference = CCAD300A1C7EE01300435A2A /* 顶部滑动菜单Tests.xctest */;
			productType = "com.apple.product-type.bundle.unit-test";
		};
		CCAD30141C7EE01300435A2A /* 顶部滑动菜单UITests */ = {
			isa = PBXNativeTarget;
			buildConfigurationList = CCAD30241C7EE01300435A2A /* Build configuration list for PBXNativeTarget "顶部滑动菜单UITests" */;
			buildPhases = (
				CCAD30111C7EE01300435A2A /* Sources */,
				CCAD30121C7EE01300435A2A /* Frameworks */,
				CCAD30131C7EE01300435A2A /* Resources */,
			);
			buildRules = (
			);
			dependencies = (
				CCAD30171C7EE01300435A2A /* PBXTargetDependency */,
			);
			name = "顶部滑动菜单UITests";
			productName = "顶部滑动菜单UITests";
			productReference = CCAD30151C7EE01300435A2A /* 顶部滑动菜单UITests.xctest */;
			productType = "com.apple.product-type.bundle.ui-testing";
		};
/* End PBXNativeTarget section */

/* Begin PBXProject section */
		CCAD2FE91C7EE01300435A2A /* Project object */ = {
			isa = PBXProject;
			attributes = {
				LastUpgradeCheck = 0720;
				ORGANIZATIONNAME = qingyun;
				TargetAttributes = {
					CCAD2FF01C7EE01300435A2A = {
						CreatedOnToolsVersion = 7.2;
					};
					CCAD30091C7EE01300435A2A = {
						CreatedOnToolsVersion = 7.2;
						TestTargetID = CCAD2FF01C7EE01300435A2A;
					};
					CCAD30141C7EE01300435A2A = {
						CreatedOnToolsVersion = 7.2;
						TestTargetID = CCAD2FF01C7EE01300435A2A;
					};
				};
			};
			buildConfigurationList = CCAD2FEC1C7EE01300435A2A /* Build configuration list for PBXProject "顶部滑动菜单" */;
			compatibilityVersion = "Xcode 3.2";
			developmentRegion = English;
			hasScannedForEncodings = 0;
			knownRegions = (
				en,
				Base,
			);
			mainGroup = CCAD2FE81C7EE01300435A2A;
			productRefGroup = CCAD2FF21C7EE01300435A2A /* Products */;
			projectDirPath = "";
			projectRoot = "";
			targets = (
				CCAD2FF01C7EE01300435A2A /* 顶部滑动菜单 */,
				CCAD30091C7EE01300435A2A /* 顶部滑动菜单Tests */,
				CCAD30141C7EE01300435A2A /* 顶部滑动菜单UITests */,
			);
		};
/* End PBXProject section */

/* Begin PBXResourcesBuildPhase section */
		CCAD2FEF1C7EE01300435A2A /* Resources */ = {
			isa = PBXResourcesBuildPhase;
			buildActionMask = 2147483647;
			files = (
				CCAD30941C7EE90400435A2A /* Info.plist in Resources */,
				CCAD30041C7EE01300435A2A /* LaunchScreen.storyboard in Resources */,
				CCAD30A51C7F2C4600435A2A /* 1_3.jpg in Resources */,
				CCAD30011C7EE01300435A2A /* Assets.xcassets in Resources */,
				CCAD30A41C7F2C4600435A2A /* 1_2.jpg in Resources */,
				CCAD30A61C7F2C4600435A2A /* 1_4.jpg in Resources */,
				CCAD30A31C7F2C4600435A2A /* 1_1.jpg in Resources */,
				CCAD2FFF1C7EE01300435A2A /* Main.storyboard in Resources */,
			);
			runOnlyForDeploymentPostprocessing = 0;
		};
		CCAD30081C7EE01300435A2A /* Resources */ = {
			isa = PBXResourcesBuildPhase;
			buildActionMask = 2147483647;
			files = (
			);
			runOnlyForDeploymentPostprocessing = 0;
		};
		CCAD30131C7EE01300435A2A /* Resources */ = {
			isa = PBXResourcesBuildPhase;
			buildActionMask = 2147483647;
			files = (
			);
			runOnlyForDeploymentPostprocessing = 0;
		};
/* End PBXResourcesBuildPhase section */

/* Begin PBXSourcesBuildPhase section */
		CCAD2FED1C7EE01300435A2A /* Sources */ = {
			isa = PBXSourcesBuildPhase;
			buildActionMask = 2147483647;
			files = (
				CCAD309C1C7EE90400435A2A /* NSLayoutConstraint+MASDebugAdditions.m in Sources */,
				CCAD309A1C7EE90400435A2A /* MASViewConstraint.m in Sources */,
				CCAD30951C7EE90400435A2A /* MASCompositeConstraint.m in Sources */,
				CCAD309B1C7EE90400435A2A /* NSArray+MASAdditions.m in Sources */,
				CCAD2FFC1C7EE01300435A2A /* ViewController.m in Sources */,
				CCAD2FF91C7EE01300435A2A /* AppDelegate.m in Sources */,
				CCAD30981C7EE90400435A2A /* MASLayoutConstraint.m in Sources */,
				CCAD2FF61C7EE01300435A2A /* main.m in Sources */,
				CCAD309E1C7EE90400435A2A /* ViewController+MASAdditions.m in Sources */,
				CCAD309D1C7EE90400435A2A /* View+MASAdditions.m in Sources */,
				CCAD30991C7EE90400435A2A /* MASViewAttribute.m in Sources */,
				CCAD30961C7EE90400435A2A /* MASConstraint.m in Sources */,
				CCAD30971C7EE90400435A2A /* MASConstraintMaker.m in Sources */,
			);
			runOnlyForDeploymentPostprocessing = 0;
		};
		CCAD30061C7EE01300435A2A /* Sources */ = {
			isa = PBXSourcesBuildPhase;
			buildActionMask = 2147483647;
			files = (
				CCAD300F1C7EE01300435A2A /* ______Tests.m in Sources */,
			);
			runOnlyForDeploymentPostprocessing = 0;
		};
		CCAD30111C7EE01300435A2A /* Sources */ = {
			isa = PBXSourcesBuildPhase;
			buildActionMask = 2147483647;
			files = (
				CCAD301A1C7EE01300435A2A /* ______UITests.m in Sources */,
			);
			runOnlyForDeploymentPostprocessing = 0;
		};
/* End PBXSourcesBuildPhase section */

/* Begin PBXTargetDependency section */
		CCAD300C1C7EE01300435A2A /* PBXTargetDependency */ = {
			isa = PBXTargetDependency;
			target = CCAD2FF01C7EE01300435A2A /* 顶部滑动菜单 */;
			targetProxy = CCAD300B1C7EE01300435A2A /* PBXContainerItemProxy */;
		};
		CCAD30171C7EE01300435A2A /* PBXTargetDependency */ = {
			isa = PBXTargetDependency;
			target = CCAD2FF01C7EE01300435A2A /* 顶部滑动菜单 */;
			targetProxy = CCAD30161C7EE01300435A2A /* PBXContainerItemProxy */;
		};
/* End PBXTargetDependency section */

/* Begin PBXVariantGroup section */
		CCAD2FFD1C7EE01300435A2A /* Main.storyboard */ = {
			isa = PBXVariantGroup;
			children = (
				CCAD2FFE1C7EE01300435A2A /* Base */,
			);
			name = Main.storyboard;
			sourceTree = "<group>";
		};
		CCAD30021C7EE01300435A2A /* LaunchScreen.storyboard */ = {
			isa = PBXVariantGroup;
			children = (
				CCAD30031C7EE01300435A2A /* Base */,
			);
			name = LaunchScreen.storyboard;
			sourceTree = "<group>";
		};
/* End PBXVariantGroup section */

/* Begin XCBuildConfiguration section */
		CCAD301C1C7EE01300435A2A /* Debug */ = {
			isa = XCBuildConfiguration;
			buildSettings = {
				ALWAYS_SEARCH_USER_PATHS = NO;
				CLANG_CXX_LANGUAGE_STANDARD = "gnu++0x";
				CLANG_CXX_LIBRARY = "libc++";
				CLANG_ENABLE_MODULES = YES;
				CLANG_ENABLE_OBJC_ARC = YES;
				CLANG_WARN_BOOL_CONVERSION = YES;
				CLANG_WARN_CONSTANT_CONVERSION = YES;
				CLANG_WARN_DIRECT_OBJC_ISA_USAGE = YES_ERROR;
				CLANG_WARN_EMPTY_BODY = YES;
				CLANG_WARN_ENUM_CONVERSION = YES;
				CLANG_WARN_INT_CONVERSION = YES;
				CLANG_WARN_OBJC_ROOT_CLASS = YES_ERROR;
				CLANG_WARN_UNREACHABLE_CODE = YES;
				CLANG_WARN__DUPLICATE_METHOD_MATCH = YES;
				"CODE_SIGN_IDENTITY[sdk=iphoneos*]" = "iPhone Developer";
				COPY_PHASE_STRIP = NO;
				DEBUG_INFORMATION_FORMAT = dwarf;
				ENABLE_STRICT_OBJC_MSGSEND = YES;
				ENABLE_TESTABILITY = YES;
				GCC_C_LANGUAGE_STANDARD = gnu99;
				GCC_DYNAMIC_NO_PIC = NO;
				GCC_NO_COMMON_BLOCKS = YES;
				GCC_OPTIMIZATION_LEVEL = 0;
				GCC_PREPROCESSOR_DEFINITIONS = (
					"DEBUG=1",
					"$(inherited)",
				);
				GCC_WARN_64_TO_32_BIT_CONVERSION = YES;
				GCC_WARN_ABOUT_RETURN_TYPE = YES_ERROR;
				GCC_WARN_UNDECLARED_SELECTOR = YES;
				GCC_WARN_UNINITIALIZED_AUTOS = YES_AGGRESSIVE;
				GCC_WARN_UNUSED_FUNCTION = YES;
				GCC_WARN_UNUSED_VARIABLE = YES;
				IPHONEOS_DEPLOYMENT_TARGET = 9.2;
				MTL_ENABLE_DEBUG_INFO = YES;
				ONLY_ACTIVE_ARCH = YES;
				SDKROOT = iphoneos;
				TARGETED_DEVICE_FAMILY = "1,2";
			};
			name = Debug;
		};
		CCAD301D1C7EE01300435A2A /* Release */ = {
			isa = XCBuildConfiguration;
			buildSettings = {
				ALWAYS_SEARCH_USER_PATHS = NO;
				CLANG_CXX_LANGUAGE_STANDARD = "gnu++0x";
				CLANG_CXX_LIBRARY = "libc++";
				CLANG_ENABLE_MODULES = YES;
				CLANG_ENABLE_OBJC_ARC = YES;
				CLANG_WARN_BOOL_CONVERSION = YES;
				CLANG_WARN_CONSTANT_CONVERSION = YES;
				CLANG_WARN_DIRECT_OBJC_ISA_USAGE = YES_ERROR;
				CLANG_WARN_EMPTY_BODY = YES;
				CLANG_WARN_ENUM_CONVERSION = YES;
				CLANG_WARN_INT_CONVERSION = YES;
				CLANG_WARN_OBJC_ROOT_CLASS = YES_ERROR;
				CLANG_WARN_UNREACHABLE_CODE = YES;
				CLANG_WARN__DUPLICATE_METHOD_MATCH = YES;
				"CODE_SIGN_IDENTITY[sdk=iphoneos*]" = "iPhone Developer";
				COPY_PHASE_STRIP = NO;
				DEBUG_INFORMATION_FORMAT = "dwarf-with-dsym";
				ENABLE_NS_ASSERTIONS = NO;
				ENABLE_STRICT_OBJC_MSGSEND = YES;
				GCC_C_LANGUAGE_STANDARD = gnu99;
				GCC_NO_COMMON_BLOCKS = YES;
				GCC_WARN_64_TO_32_BIT_CONVERSION = YES;
				GCC_WARN_ABOUT_RETURN_TYPE = YES_ERROR;
				GCC_WARN_UNDECLARED_SELECTOR = YES;
				GCC_WARN_UNINITIALIZED_AUTOS = YES_AGGRESSIVE;
				GCC_WARN_UNUSED_FUNCTION = YES;
				GCC_WARN_UNUSED_VARIABLE = YES;
				IPHONEOS_DEPLOYMENT_TARGET = 9.2;
				MTL_ENABLE_DEBUG_INFO = NO;
				SDKROOT = iphoneos;
				TARGETED_DEVICE_FAMILY = "1,2";
				VALIDATE_PRODUCT = YES;
			};
			name = Release;
		};
		CCAD301F1C7EE01300435A2A /* Debug */ = {
			isa = XCBuildConfiguration;
			buildSettings = {
				ASSETCATALOG_COMPILER_APPICON_NAME = AppIcon;
				INFOPLIST_FILE = "顶部滑动菜单/Info.plist";
				LD_RUNPATH_SEARCH_PATHS = "$(inherited) @executable_path/Frameworks";
				PRODUCT_BUNDLE_IDENTIFIER = "com.qingyun.------";
				PRODUCT_NAME = "$(TARGET_NAME)";
			};
			name = Debug;
		};
		CCAD30201C7EE01300435A2A /* Release */ = {
			isa = XCBuildConfiguration;
			buildSettings = {
				ASSETCATALOG_COMPILER_APPICON_NAME = AppIcon;
				INFOPLIST_FILE = "顶部滑动菜单/Info.plist";
				LD_RUNPATH_SEARCH_PATHS = "$(inherited) @executable_path/Frameworks";
				PRODUCT_BUNDLE_IDENTIFIER = "com.qingyun.------";
				PRODUCT_NAME = "$(TARGET_NAME)";
			};
			name = Release;
		};
		CCAD30221C7EE01300435A2A /* Debug */ = {
			isa = XCBuildConfiguration;
			buildSettings = {
				BUNDLE_LOADER = "$(TEST_HOST)";
				INFOPLIST_FILE = "顶部滑动菜单Tests/Info.plist";
				LD_RUNPATH_SEARCH_PATHS = "$(inherited) @executable_path/Frameworks @loader_path/Frameworks";
				PRODUCT_BUNDLE_IDENTIFIER = "com.qingyun.------Tests";
				PRODUCT_NAME = "$(TARGET_NAME)";
				TEST_HOST = "$(BUILT_PRODUCTS_DIR)/顶部滑动菜单.app/顶部滑动菜单";
			};
			name = Debug;
		};
		CCAD30231C7EE01300435A2A /* Release */ = {
			isa = XCBuildConfiguration;
			buildSettings = {
				BUNDLE_LOADER = "$(TEST_HOST)";
				INFOPLIST_FILE = "顶部滑动菜单Tests/Info.plist";
				LD_RUNPATH_SEARCH_PATHS = "$(inherited) @executable_path/Frameworks @loader_path/Frameworks";
				PRODUCT_BUNDLE_IDENTIFIER = "com.qingyun.------Tests";
				PRODUCT_NAME = "$(TARGET_NAME)";
				TEST_HOST = "$(BUILT_PRODUCTS_DIR)/顶部滑动菜单.app/顶部滑动菜单";
			};
			name = Release;
		};
		CCAD30251C7EE01300435A2A /* Debug */ = {
			isa = XCBuildConfiguration;
			buildSettings = {
				INFOPLIST_FILE = "顶部滑动菜单UITests/Info.plist";
				LD_RUNPATH_SEARCH_PATHS = "$(inherited) @executable_path/Frameworks @loader_path/Frameworks";
				PRODUCT_BUNDLE_IDENTIFIER = "com.qingyun.------UITests";
				PRODUCT_NAME = "$(TARGET_NAME)";
				TEST_TARGET_NAME = "顶部滑动菜单";
				USES_XCTRUNNER = YES;
			};
			name = Debug;
		};
		CCAD30261C7EE01300435A2A /* Release */ = {
			isa = XCBuildConfiguration;
			buildSettings = {
				INFOPLIST_FILE = "顶部滑动菜单UITests/Info.plist";
				LD_RUNPATH_SEARCH_PATHS = "$(inherited) @executable_path/Frameworks @loader_path/Frameworks";
				PRODUCT_BUNDLE_IDENTIFIER = "com.qingyun.------UITests";
				PRODUCT_NAME = "$(TARGET_NAME)";
				TEST_TARGET_NAME = "顶部滑动菜单";
				USES_XCTRUNNER = YES;
			};
			name = Release;
		};
/* End XCBuildConfiguration section */

/* Begin XCConfigurationList section */
		CCAD2FEC1C7EE01300435A2A /* Build configuration list for PBXProject "顶部滑动菜单" */ = {
			isa = XCConfigurationList;
			buildConfigurations = (
				CCAD301C1C7EE01300435A2A /* Debug */,
				CCAD301D1C7EE01300435A2A /* Release */,
			);
			defaultConfigurationIsVisible = 0;
			defaultConfigurationName = Release;
		};
		CCAD301E1C7EE01300435A2A /* Build configuration list for PBXNativeTarget "顶部滑动菜单" */ = {
			isa = XCConfigurationList;
			buildConfigurations = (
				CCAD301F1C7EE01300435A2A /* Debug */,
				CCAD30201C7EE01300435A2A /* Release */,
			);
			defaultConfigurationIsVisible = 0;
			defaultConfigurationName = Release;
		};
		CCAD30211C7EE01300435A2A /* Build configuration list for PBXNativeTarget "顶部滑动菜单Tests" */ = {
			isa = XCConfigurationList;
			buildConfigurations = (
				CCAD30221C7EE01300435A2A /* Debug */,
				CCAD30231C7EE01300435A2A /* Release */,
			);
			defaultConfigurationIsVisible = 0;
			defaultConfigurationName = Release;
		};
		CCAD30241C7EE01300435A2A /* Build configuration list for PBXNativeTarget "顶部滑动菜单UITests" */ = {
			isa = XCConfigurationList;
			buildConfigurations = (
				CCAD30251C7EE01300435A2A /* Debug */,
				CCAD30261C7EE01300435A2A /* Release */,
			);
			defaultConfigurationIsVisible = 0;
			defaultConfigurationName = Release;
		};
/* End XCConfigurationList section */
	};
	rootObject = CCAD2FE91C7EE01300435A2A /* Project object */;
}
